
Microsoft Visual Studio Solution File, Format Version 12.00
# Visual Studio Version 17
VisualStudioVersion = 17.11.35303.130
MinimumVisualStudioVersion = 10.0.40219.1
Project("{FAE04EC0-301F-11D3-BF4B-00C04F79EFBC}") = "HitokotoComponent", "HitokotoComponent.csproj", "{C98C994A-A89A-4503-95E6-010A5AE3C873}"
EndProject
Global
	GlobalSection(SolutionConfigurationPlatforms) = preSolution
		Debug|Any CPU = Debug|Any CPU
		Release|Any CPU = Release|Any CPU
	EndGlobalSection
	GlobalSection(ProjectConfigurationPlatforms) = postSolution
		{C98C994A-A89A-4503-95E6-010A5AE3C873}.Debug|Any CPU.ActiveCfg = Debug|Any CPU
		{C98C994A-A89A-4503-95E6-010A5AE3C873}.Debug|Any CPU.Build.0 = Debug|Any CPU
		{C98C994A-A89A-4503-95E6-010A5AE3C873}.Release|Any CPU.ActiveCfg = Release|Any CPU
		{C98C994A-A89A-4503-95E6-010A5AE3C873}.Release|Any CPU.Build.0 = Release|Any CPU
	EndGlobalSection
	GlobalSection(SolutionProperties) = preSolution
		HideSolutionNode = FALSE
	EndGlobalSection
	GlobalSection(ExtensibilityGlobals) = postSolution
		SolutionGuid = {A43E8CF8-FDFA-4AD1-849C-B86D674D0868}
	EndGlobalSection
EndGlobal
